
Microsoft Visual Studio Solution File, Format Version 12.00
# Visual Studio 14
VisualStudioVersion = 14.0.25420.1
MinimumVisualStudioVersion = 10.0.40219.1
Project("{FAE04EC0-301F-11D3-BF4B-00C04F79EFBC}") = "FieldReport", "FieldReport\FieldReport.csproj", "{328DD8AD-1FCC-44BD-AD7D-BB6A6084A74B}"
EndProject
Project("{FAE04EC0-301F-11D3-BF4B-00C04F79EFBC}") = "SPAwebsite", "SPAwebsite\SPAwebsite.csproj", "{9F87B122-9849-43FD-A1C1-989A740FB2FC}"
EndProject
Global
	GlobalSection(SolutionConfigurationPlatforms) = preSolution
		Debug|Any CPU = Debug|Any CPU
		Release|Any CPU = Release|Any CPU
	EndGlobalSection
	GlobalSection(ProjectConfigurationPlatforms) = postSolution
		{328DD8AD-1FCC-44BD-AD7D-BB6A6084A74B}.Debug|Any CPU.ActiveCfg = Debug|Any CPU
		{328DD8AD-1FCC-44BD-AD7D-BB6A6084A74B}.Debug|Any CPU.Build.0 = Debug|Any CPU
		{328DD8AD-1FCC-44BD-AD7D-BB6A6084A74B}.Release|Any CPU.ActiveCfg = Release|Any CPU
		{328DD8AD-1FCC-44BD-AD7D-BB6A6084A74B}.Release|Any CPU.Build.0 = Release|Any CPU
		{9F87B122-9849-43FD-A1C1-989A740FB2FC}.Debug|Any CPU.ActiveCfg = Debug|Any CPU
		{9F87B122-9849-43FD-A1C1-989A740FB2FC}.Debug|Any CPU.Build.0 = Debug|Any CPU
		{9F87B122-9849-43FD-A1C1-989A740FB2FC}.Release|Any CPU.ActiveCfg = Release|Any CPU
		{9F87B122-9849-43FD-A1C1-989A740FB2FC}.Release|Any CPU.Build.0 = Release|Any CPU
	EndGlobalSection
	GlobalSection(SolutionProperties) = preSolution
		HideSolutionNode = FALSE
	EndGlobalSection
EndGlobal
